// !$*UTF8*$!
{
	archiveVersion = 1;
	classes = {
	};
	objectVersion = 56;
	objects = {

/* Begin PBXBuildFile section */
		F16CC1BA2B529D4500E08CB2 /* AppColor.swift in Sources */ = {isa = PBXBuildFile; fileRef = F16CC1B82B529D4500E08CB2 /* AppColor.swift */; };
		F16CC1BB2B529D4500E08CB2 /* AppImage.swift in Sources */ = {isa = PBXBuildFile; fileRef = F16CC1B92B529D4500E08CB2 /* AppImage.swift */; };
		F1838B742B502E1000CDB486 /* AppDelegate.swift in Sources */ = {isa = PBXBuildFile; fileRef = F1838B732B502E1000CDB486 /* AppDelegate.swift */; };
		F1838B762B502E1000CDB486 /* SceneDelegate.swift in Sources */ = {isa = PBXBuildFile; fileRef = F1838B752B502E1000CDB486 /* SceneDelegate.swift */; };
		F1838B782B502E1000CDB486 /* MedicineViewController.swift in Sources */ = {isa = PBXBuildFile; fileRef = F1838B772B502E1000CDB486 /* MedicineViewController.swift */; };
		F1838B7D2B502E1100CDB486 /* Assets.xcassets in Resources */ = {isa = PBXBuildFile; fileRef = F1838B7C2B502E1100CDB486 /* Assets.xcassets */; };
		F1838B802B502E1100CDB486 /* LaunchScreen.storyboard in Resources */ = {isa = PBXBuildFile; fileRef = F1838B7E2B502E1100CDB486 /* LaunchScreen.storyboard */; };
		F1838B882B502FF400CDB486 /* MedicineCell.swift in Sources */ = {isa = PBXBuildFile; fileRef = F1838B872B502FF400CDB486 /* MedicineCell.swift */; };
		F1838B8A2B50328600CDB486 /* Medicine.swift in Sources */ = {isa = PBXBuildFile; fileRef = F1838B892B50328600CDB486 /* Medicine.swift */; };
		F1838B952B5038B500CDB486 /* SFProDisplay-Ultralight.ttf in Resources */ = {isa = PBXBuildFile; fileRef = F1838B8C2B5038B500CDB486 /* SFProDisplay-Ultralight.ttf */; };
		F1838B962B5038B500CDB486 /* SFProDisplay-Medium.ttf in Resources */ = {isa = PBXBuildFile; fileRef = F1838B8D2B5038B500CDB486 /* SFProDisplay-Medium.ttf */; };
		F1838B972B5038B500CDB486 /* SFProDisplay-Black.ttf in Resources */ = {isa = PBXBuildFile; fileRef = F1838B8E2B5038B500CDB486 /* SFProDisplay-Black.ttf */; };
		F1838B982B5038B500CDB486 /* SFProDisplay-Light.ttf in Resources */ = {isa = PBXBuildFile; fileRef = F1838B8F2B5038B500CDB486 /* SFProDisplay-Light.ttf */; };
		F1838B992B5038B500CDB486 /* SFProDisplay-Regular.ttf in Resources */ = {isa = PBXBuildFile; fileRef = F1838B902B5038B500CDB486 /* SFProDisplay-Regular.ttf */; };
		F1838B9A2B5038B500CDB486 /* SFProDisplay-Bold.ttf in Resources */ = {isa = PBXBuildFile; fileRef = F1838B912B5038B500CDB486 /* SFProDisplay-Bold.ttf */; };
		F1838B9B2B5038B500CDB486 /* SFProDisplay-Semibold.ttf in Resources */ = {isa = PBXBuildFile; fileRef = F1838B922B5038B500CDB486 /* SFProDisplay-Semibold.ttf */; };
		F1838B9C2B5038B500CDB486 /* SFProDisplay-Heavy.ttf in Resources */ = {isa = PBXBuildFile; fileRef = F1838B932B5038B500CDB486 /* SFProDisplay-Heavy.ttf */; };
		F1838B9D2B5038B500CDB486 /* SFProDisplay-Thin.ttf in Resources */ = {isa = PBXBuildFile; fileRef = F1838B942B5038B500CDB486 /* SFProDisplay-Thin.ttf */; };
		F1838B9F2B50404500CDB486 /* Drug.swift in Sources */ = {isa = PBXBuildFile; fileRef = F1838B9E2B50404500CDB486 /* Drug.swift */; };
		F1838BA12B5040BA00CDB486 /* DrugService.swift in Sources */ = {isa = PBXBuildFile; fileRef = F1838BA02B5040BA00CDB486 /* DrugService.swift */; };
		F1838BA32B505B9F00CDB486 /* DragDetailViewController.swift in Sources */ = {isa = PBXBuildFile; fileRef = F1838BA22B505B9F00CDB486 /* DragDetailViewController.swift */; };
/* End PBXBuildFile section */

/* Begin PBXFileReference section */
		F16CC1B82B529D4500E08CB2 /* AppColor.swift */ = {isa = PBXFileReference; fileEncoding = 4; lastKnownFileType = sourcecode.swift; path = AppColor.swift; sourceTree = "<group>"; };
		F16CC1B92B529D4500E08CB2 /* AppImage.swift */ = {isa = PBXFileReference; fileEncoding = 4; lastKnownFileType = sourcecode.swift; path = AppImage.swift; sourceTree = "<group>"; };
		F1838B702B502E1000CDB486 /* Binet.app */ = {isa = PBXFileReference; explicitFileType = wrapper.application; includeInIndex = 0; path = Binet.app; sourceTree = BUILT_PRODUCTS_DIR; };
		F1838B732B502E1000CDB486 /* AppDelegate.swift */ = {isa = PBXFileReference; lastKnownFileType = sourcecode.swift; path = AppDelegate.swift; sourceTree = "<group>"; };
		F1838B752B502E1000CDB486 /* SceneDelegate.swift */ = {isa = PBXFileReference; lastKnownFileType = sourcecode.swift; path = SceneDelegate.swift; sourceTree = "<group>"; };
		F1838B772B502E1000CDB486 /* MedicineViewController.swift */ = {isa = PBXFileReference; lastKnownFileType = sourcecode.swift; path = MedicineViewController.swift; sourceTree = "<group>"; };
		F1838B7C2B502E1100CDB486 /* Assets.xcassets */ = {isa = PBXFileReference; lastKnownFileType = folder.assetcatalog; path = Assets.xcassets; sourceTree = "<group>"; };
		F1838B7F2B502E1100CDB486 /* Base */ = {isa = PBXFileReference; lastKnownFileType = file.storyboard; name = Base; path = Base.lproj/LaunchScreen.storyboard; sourceTree = "<group>"; };
		F1838B812B502E1100CDB486 /* Info.plist */ = {isa = PBXFileReference; lastKnownFileType = text.plist.xml; path = Info.plist; sourceTree = "<group>"; };
		F1838B872B502FF400CDB486 /* MedicineCell.swift */ = {isa = PBXFileReference; lastKnownFileType = sourcecode.swift; path = MedicineCell.swift; sourceTree = "<group>"; };
		F1838B892B50328600CDB486 /* Medicine.swift */ = {isa = PBXFileReference; lastKnownFileType = sourcecode.swift; path = Medicine.swift; sourceTree = "<group>"; };
		F1838B8C2B5038B500CDB486 /* SFProDisplay-Ultralight.ttf */ = {isa = PBXFileReference; lastKnownFileType = file; path = "SFProDisplay-Ultralight.ttf"; sourceTree = "<group>"; };
		F1838B8D2B5038B500CDB486 /* SFProDisplay-Medium.ttf */ = {isa = PBXFileReference; lastKnownFileType = file; path = "SFProDisplay-Medium.ttf"; sourceTree = "<group>"; };
		F1838B8E2B5038B500CDB486 /* SFProDisplay-Black.ttf */ = {isa = PBXFileReference; lastKnownFileType = file; path = "SFProDisplay-Black.ttf"; sourceTree = "<group>"; };
		F1838B8F2B5038B500CDB486 /* SFProDisplay-Light.ttf */ = {isa = PBXFileReference; lastKnownFileType = file; path = "SFProDisplay-Light.ttf"; sourceTree = "<group>"; };
		F1838B902B5038B500CDB486 /* SFProDisplay-Regular.ttf */ = {isa = PBXFileReference; lastKnownFileType = file; path = "SFProDisplay-Regular.ttf"; sourceTree = "<group>"; };
		F1838B912B5038B500CDB486 /* SFProDisplay-Bold.ttf */ = {isa = PBXFileReference; lastKnownFileType = file; path = "SFProDisplay-Bold.ttf"; sourceTree = "<group>"; };
		F1838B922B5038B500CDB486 /* SFProDisplay-Semibold.ttf */ = {isa = PBXFileReference; lastKnownFileType = file; path = "SFProDisplay-Semibold.ttf"; sourceTree = "<group>"; };
		F1838B932B5038B500CDB486 /* SFProDisplay-Heavy.ttf */ = {isa = PBXFileReference; lastKnownFileType = file; path = "SFProDisplay-Heavy.ttf"; sourceTree = "<group>"; };
		F1838B942B5038B500CDB486 /* SFProDisplay-Thin.ttf */ = {isa = PBXFileReference; lastKnownFileType = file; path = "SFProDisplay-Thin.ttf"; sourceTree = "<group>"; };
		F1838B9E2B50404500CDB486 /* Drug.swift */ = {isa = PBXFileReference; lastKnownFileType = sourcecode.swift; path = Drug.swift; sourceTree = "<group>"; };
		F1838BA02B5040BA00CDB486 /* DrugService.swift */ = {isa = PBXFileReference; lastKnownFileType = sourcecode.swift; path = DrugService.swift; sourceTree = "<group>"; };
		F1838BA22B505B9F00CDB486 /* DragDetailViewController.swift */ = {isa = PBXFileReference; lastKnownFileType = sourcecode.swift; path = DragDetailViewController.swift; sourceTree = "<group>"; };
/* End PBXFileReference section */

/* Begin PBXFrameworksBuildPhase section */
		F1838B6D2B502E1000CDB486 /* Frameworks */ = {
			isa = PBXFrameworksBuildPhase;
			buildActionMask = 2147483647;
			files = (
			);
			runOnlyForDeploymentPostprocessing = 0;
		};
/* End PBXFrameworksBuildPhase section */

/* Begin PBXGroup section */
		F1838B672B502E1000CDB486 = {
			isa = PBXGroup;
			children = (
				F1838B722B502E1000CDB486 /* Binet */,
				F1838B712B502E1000CDB486 /* Products */,
			);
			sourceTree = "<group>";
		};
		F1838B712B502E1000CDB486 /* Products */ = {
			isa = PBXGroup;
			children = (
				F1838B702B502E1000CDB486 /* Binet.app */,
			);
			name = Products;
			sourceTree = "<group>";
		};
		F1838B722B502E1000CDB486 /* Binet */ = {
			isa = PBXGroup;
			children = (
				F1838BFC2B510B4D00CDB486 /* Application */,
				F1838BFD2B510B6400CDB486 /* Controllers */,
				F1838C012B510B8900CDB486 /* Network */,
				F1838BFB2B510B4300CDB486 /* Resources */,
				F1838C022B510B9C00CDB486 /* Storyboards */,
				F1838BFA2B510B1E00CDB486 /* Supporting Files */,
			);
			path = Binet;
			sourceTree = "<group>";
		};
		F1838B8B2B5038B500CDB486 /* Fonts */ = {
			isa = PBXGroup;
			children = (
				F1838B8C2B5038B500CDB486 /* SFProDisplay-Ultralight.ttf */,
				F1838B8D2B5038B500CDB486 /* SFProDisplay-Medium.ttf */,
				F1838B8E2B5038B500CDB486 /* SFProDisplay-Black.ttf */,
				F1838B8F2B5038B500CDB486 /* SFProDisplay-Light.ttf */,
				F1838B902B5038B500CDB486 /* SFProDisplay-Regular.ttf */,
				F1838B912B5038B500CDB486 /* SFProDisplay-Bold.ttf */,
				F1838B922B5038B500CDB486 /* SFProDisplay-Semibold.ttf */,
				F1838B932B5038B500CDB486 /* SFProDisplay-Heavy.ttf */,
				F1838B942B5038B500CDB486 /* SFProDisplay-Thin.ttf */,
			);
			path = Fonts;
			sourceTree = "<group>";
		};
		F1838BFA2B510B1E00CDB486 /* Supporting Files */ = {
			isa = PBXGroup;
			children = (
				F1838B812B502E1100CDB486 /* Info.plist */,
			);
			path = "Supporting Files";
			sourceTree = "<group>";
		};
		F1838BFB2B510B4300CDB486 /* Resources */ = {
			isa = PBXGroup;
			children = (
				F1838B8B2B5038B500CDB486 /* Fonts */,
				F1838B7C2B502E1100CDB486 /* Assets.xcassets */,
				F16CC1B82B529D4500E08CB2 /* AppColor.swift */,
				F16CC1B92B529D4500E08CB2 /* AppImage.swift */,
			);
			path = Resources;
			sourceTree = "<group>";
		};
		F1838BFC2B510B4D00CDB486 /* Application */ = {
			isa = PBXGroup;
			children = (
				F1838B732B502E1000CDB486 /* AppDelegate.swift */,
				F1838B752B502E1000CDB486 /* SceneDelegate.swift */,
			);
			path = Application;
			sourceTree = "<group>";
		};
		F1838BFD2B510B6400CDB486 /* Controllers */ = {
			isa = PBXGroup;
			children = (
				F1838BFE2B510B6D00CDB486 /* Main */,
				F1838C002B510B7D00CDB486 /* Detail */,
				F1838BFF2B510B7500CDB486 /* SectionType */,
			);
			path = Controllers;
			sourceTree = "<group>";
		};
		F1838BFE2B510B6D00CDB486 /* Main */ = {
			isa = PBXGroup;
			children = (
				F1838B772B502E1000CDB486 /* MedicineViewController.swift */,
				F1838B872B502FF400CDB486 /* MedicineCell.swift */,
			);
			path = Main;
			sourceTree = "<group>";
		};
		F1838BFF2B510B7500CDB486 /* SectionType */ = {
			isa = PBXGroup;
			children = (
				F1838B892B50328600CDB486 /* Medicine.swift */,
			);
			path = SectionType;
			sourceTree = "<group>";
		};
		F1838C002B510B7D00CDB486 /* Detail */ = {
			isa = PBXGroup;
			children = (
				F1838BA22B505B9F00CDB486 /* DragDetailViewController.swift */,
			);
			path = Detail;
			sourceTree = "<group>";
		};
		F1838C012B510B8900CDB486 /* Network */ = {
			isa = PBXGroup;
			children = (
				F1838BA02B5040BA00CDB486 /* DrugService.swift */,
				F1838B9E2B50404500CDB486 /* Drug.swift */,
			);
			path = Network;
			sourceTree = "<group>";
		};
		F1838C022B510B9C00CDB486 /* Storyboards */ = {
			isa = PBXGroup;
			children = (
				F1838B7E2B502E1100CDB486 /* LaunchScreen.storyboard */,
			);
			path = Storyboards;
			sourceTree = "<group>";
		};
/* End PBXGroup section */

/* Begin PBXNativeTarget section */
		F1838B6F2B502E1000CDB486 /* Binet */ = {
			isa = PBXNativeTarget;
			buildConfigurationList = F1838B842B502E1100CDB486 /* Build configuration list for PBXNativeTarget "Binet" */;
			buildPhases = (
				F1838B6C2B502E1000CDB486 /* Sources */,
				F1838B6D2B502E1000CDB486 /* Frameworks */,
				F1838B6E2B502E1000CDB486 /* Resources */,
			);
			buildRules = (
			);
			dependencies = (
			);
			name = Binet;
			productName = Binet;
			productReference = F1838B702B502E1000CDB486 /* Binet.app */;
			productType = "com.apple.product-type.application";
		};
/* End PBXNativeTarget section */

/* Begin PBXProject section */
		F1838B682B502E1000CDB486 /* Project object */ = {
			isa = PBXProject;
			attributes = {
				BuildIndependentTargetsInParallel = 1;
				LastSwiftUpdateCheck = 1500;
				LastUpgradeCheck = 1500;
				TargetAttributes = {
					F1838B6F2B502E1000CDB486 = {
						CreatedOnToolsVersion = 15.0.1;
					};
				};
			};
			buildConfigurationList = F1838B6B2B502E1000CDB486 /* Build configuration list for PBXProject "Binet" */;
			compatibilityVersion = "Xcode 14.0";
			developmentRegion = en;
			hasScannedForEncodings = 0;
			knownRegions = (
				en,
				Base,
			);
			mainGroup = F1838B672B502E1000CDB486;
			productRefGroup = F1838B712B502E1000CDB486 /* Products */;
			projectDirPath = "";
			projectRoot = "";
			targets = (
				F1838B6F2B502E1000CDB486 /* Binet */,
			);
		};
/* End PBXProject section */

/* Begin PBXResourcesBuildPhase section */
		F1838B6E2B502E1000CDB486 /* Resources */ = {
			isa = PBXResourcesBuildPhase;
			buildActionMask = 2147483647;
			files = (
				F1838B9C2B5038B500CDB486 /* SFProDisplay-Heavy.ttf in Resources */,
				F1838B802B502E1100CDB486 /* LaunchScreen.storyboard in Resources */,
				F1838B9B2B5038B500CDB486 /* SFProDisplay-Semibold.ttf in Resources */,
				F1838B962B5038B500CDB486 /* SFProDisplay-Medium.ttf in Resources */,
				F1838B952B5038B500CDB486 /* SFProDisplay-Ultralight.ttf in Resources */,
				F1838B9D2B5038B500CDB486 /* SFProDisplay-Thin.ttf in Resources */,
				F1838B992B5038B500CDB486 /* SFProDisplay-Regular.ttf in Resources */,
				F1838B982B5038B500CDB486 /* SFProDisplay-Light.ttf in Resources */,
				F1838B7D2B502E1100CDB486 /* Assets.xcassets in Resources */,
				F1838B972B5038B500CDB486 /* SFProDisplay-Black.ttf in Resources */,
				F1838B9A2B5038B500CDB486 /* SFProDisplay-Bold.ttf in Resources */,
			);
			runOnlyForDeploymentPostprocessing = 0;
		};
/* End PBXResourcesBuildPhase section */

/* Begin PBXSourcesBuildPhase section */
		F1838B6C2B502E1000CDB486 /* Sources */ = {
			isa = PBXSourcesBuildPhase;
			buildActionMask = 2147483647;
			files = (
				F1838B782B502E1000CDB486 /* MedicineViewController.swift in Sources */,
				F1838BA32B505B9F00CDB486 /* DragDetailViewController.swift in Sources */,
				F1838B742B502E1000CDB486 /* AppDelegate.swift in Sources */,
				F1838B8A2B50328600CDB486 /* Medicine.swift in Sources */,
				F1838B762B502E1000CDB486 /* SceneDelegate.swift in Sources */,
				F1838BA12B5040BA00CDB486 /* DrugService.swift in Sources */,
				F1838B882B502FF400CDB486 /* MedicineCell.swift in Sources */,
				F1838B9F2B50404500CDB486 /* Drug.swift in Sources */,
				F16CC1BA2B529D4500E08CB2 /* AppColor.swift in Sources */,
				F16CC1BB2B529D4500E08CB2 /* AppImage.swift in Sources */,
			);
			runOnlyForDeploymentPostprocessing = 0;
		};
/* End PBXSourcesBuildPhase section */

/* Begin PBXVariantGroup section */
		F1838B7E2B502E1100CDB486 /* LaunchScreen.storyboard */ = {
			isa = PBXVariantGroup;
			children = (
				F1838B7F2B502E1100CDB486 /* Base */,
			);
			name = LaunchScreen.storyboard;
			sourceTree = "<group>";
		};
/* End PBXVariantGroup section */

/* Begin XCBuildConfiguration section */
		F1838B822B502E1100CDB486 /* Debug */ = {
			isa = XCBuildConfiguration;
			buildSettings = {
				ALWAYS_SEARCH_USER_PATHS = NO;
				ASSETCATALOG_COMPILER_GENERATE_SWIFT_ASSET_SYMBOL_EXTENSIONS = YES;
				CLANG_ANALYZER_NONNULL = YES;
				CLANG_ANALYZER_NUMBER_OBJECT_CONVERSION = YES_AGGRESSIVE;
				CLANG_CXX_LANGUAGE_STANDARD = "gnu++20";
				CLANG_ENABLE_MODULES = YES;
				CLANG_ENABLE_OBJC_ARC = YES;
				CLANG_ENABLE_OBJC_WEAK = YES;
				CLANG_WARN_BLOCK_CAPTURE_AUTORELEASING = YES;
				CLANG_WARN_BOOL_CONVERSION = YES;
				CLANG_WARN_COMMA = YES;
				CLANG_WARN_CONSTANT_CONVERSION = YES;
				CLANG_WARN_DEPRECATED_OBJC_IMPLEMENTATIONS = YES;
				CLANG_WARN_DIRECT_OBJC_ISA_USAGE = YES_ERROR;
				CLANG_WARN_DOCUMENTATION_COMMENTS = YES;
				CLANG_WARN_EMPTY_BODY = YES;
				CLANG_WARN_ENUM_CONVERSION = YES;
				CLANG_WARN_INFINITE_RECURSION = YES;
				CLANG_WARN_INT_CONVERSION = YES;
				CLANG_WARN_NON_LITERAL_NULL_CONVERSION = YES;
				CLANG_WARN_OBJC_IMPLICIT_RETAIN_SELF = YES;
				CLANG_WARN_OBJC_LITERAL_CONVERSION = YES;
				CLANG_WARN_OBJC_ROOT_CLASS = YES_ERROR;
				CLANG_WARN_QUOTED_INCLUDE_IN_FRAMEWORK_HEADER = YES;
				CLANG_WARN_RANGE_LOOP_ANALYSIS = YES;
				CLANG_WARN_STRICT_PROTOTYPES = YES;
				CLANG_WARN_SUSPICIOUS_MOVE = YES;
				CLANG_WARN_UNGUARDED_AVAILABILITY = YES_AGGRESSIVE;
				CLANG_WARN_UNREACHABLE_CODE = YES;
				CLANG_WARN__DUPLICATE_METHOD_MATCH = YES;
				COPY_PHASE_STRIP = NO;
				DEBUG_INFORMATION_FORMAT = dwarf;
				ENABLE_STRICT_OBJC_MSGSEND = YES;
				ENABLE_TESTABILITY = YES;
				ENABLE_USER_SCRIPT_SANDBOXING = YES;
				GCC_C_LANGUAGE_STANDARD = gnu17;
				GCC_DYNAMIC_NO_PIC = NO;
				GCC_NO_COMMON_BLOCKS = YES;
				GCC_OPTIMIZATION_LEVEL = 0;
				GCC_PREPROCESSOR_DEFINITIONS = (
					"DEBUG=1",
					"$(inherited)",
				);
				GCC_WARN_64_TO_32_BIT_CONVERSION = YES;
				GCC_WARN_ABOUT_RETURN_TYPE = YES_ERROR;
				GCC_WARN_UNDECLARED_SELECTOR = YES;
				GCC_WARN_UNINITIALIZED_AUTOS = YES_AGGRESSIVE;
				GCC_WARN_UNUSED_FUNCTION = YES;
				GCC_WARN_UNUSED_VARIABLE = YES;
				IPHONEOS_DEPLOYMENT_TARGET = 17.0;
				LOCALIZATION_PREFERS_STRING_CATALOGS = YES;
				MTL_ENABLE_DEBUG_INFO = INCLUDE_SOURCE;
				MTL_FAST_MATH = YES;
				ONLY_ACTIVE_ARCH = YES;
				SDKROOT = iphoneos;
				SWIFT_ACTIVE_COMPILATION_CONDITIONS = "DEBUG $(inherited)";
				SWIFT_OPTIMIZATION_LEVEL = "-Onone";
			};
			name = Debug;
		};
		F1838B832B502E1100CDB486 /* Release */ = {
			isa = XCBuildConfiguration;
			buildSettings = {
				ALWAYS_SEARCH_USER_PATHS = NO;
				ASSETCATALOG_COMPILER_GENERATE_SWIFT_ASSET_SYMBOL_EXTENSIONS = YES;
				CLANG_ANALYZER_NONNULL = YES;
				CLANG_ANALYZER_NUMBER_OBJECT_CONVERSION = YES_AGGRESSIVE;
				CLANG_CXX_LANGUAGE_STANDARD = "gnu++20";
				CLANG_ENABLE_MODULES = YES;
				CLANG_ENABLE_OBJC_ARC = YES;
				CLANG_ENABLE_OBJC_WEAK = YES;
				CLANG_WARN_BLOCK_CAPTURE_AUTORELEASING = YES;
				CLANG_WARN_BOOL_CONVERSION = YES;
				CLANG_WARN_COMMA = YES;
				CLANG_WARN_CONSTANT_CONVERSION = YES;
				CLANG_WARN_DEPRECATED_OBJC_IMPLEMENTATIONS = YES;
				CLANG_WARN_DIRECT_OBJC_ISA_USAGE = YES_ERROR;
				CLANG_WARN_DOCUMENTATION_COMMENTS = YES;
				CLANG_WARN_EMPTY_BODY = YES;
				CLANG_WARN_ENUM_CONVERSION = YES;
				CLANG_WARN_INFINITE_RECURSION = YES;
				CLANG_WARN_INT_CONVERSION = YES;
				CLANG_WARN_NON_LITERAL_NULL_CONVERSION = YES;
				CLANG_WARN_OBJC_IMPLICIT_RETAIN_SELF = YES;
				CLANG_WARN_OBJC_LITERAL_CONVERSION = YES;
				CLANG_WARN_OBJC_ROOT_CLASS = YES_ERROR;
				CLANG_WARN_QUOTED_INCLUDE_IN_FRAMEWORK_HEADER = YES;
				CLANG_WARN_RANGE_LOOP_ANALYSIS = YES;
				CLANG_WARN_STRICT_PROTOTYPES = YES;
				CLANG_WARN_SUSPICIOUS_MOVE = YES;
				CLANG_WARN_UNGUARDED_AVAILABILITY = YES_AGGRESSIVE;
				CLANG_WARN_UNREACHABLE_CODE = YES;
				CLANG_WARN__DUPLICATE_METHOD_MATCH = YES;
				COPY_PHASE_STRIP = NO;
				DEBUG_INFORMATION_FORMAT = "dwarf-with-dsym";
				ENABLE_NS_ASSERTIONS = NO;
				ENABLE_STRICT_OBJC_MSGSEND = YES;
				ENABLE_USER_SCRIPT_SANDBOXING = YES;
				GCC_C_LANGUAGE_STANDARD = gnu17;
				GCC_NO_COMMON_BLOCKS = YES;
				GCC_WARN_64_TO_32_BIT_CONVERSION = YES;
				GCC_WARN_ABOUT_RETURN_TYPE = YES_ERROR;
				GCC_WARN_UNDECLARED_SELECTOR = YES;
				GCC_WARN_UNINITIALIZED_AUTOS = YES_AGGRESSIVE;
				GCC_WARN_UNUSED_FUNCTION = YES;
				GCC_WARN_UNUSED_VARIABLE = YES;
				IPHONEOS_DEPLOYMENT_TARGET = 17.0;
				LOCALIZATION_PREFERS_STRING_CATALOGS = YES;
				MTL_ENABLE_DEBUG_INFO = NO;
				MTL_FAST_MATH = YES;
				SDKROOT = iphoneos;
				SWIFT_COMPILATION_MODE = wholemodule;
				VALIDATE_PRODUCT = YES;
			};
			name = Release;
		};
		F1838B852B502E1100CDB486 /* Debug */ = {
			isa = XCBuildConfiguration;
			buildSettings = {
				ASSETCATALOG_COMPILER_APPICON_NAME = AppIcon;
				ASSETCATALOG_COMPILER_GLOBAL_ACCENT_COLOR_NAME = AccentColor;
				CODE_SIGN_STYLE = Automatic;
				CURRENT_PROJECT_VERSION = 1;
				DEVELOPMENT_TEAM = 66V736J4F3;
				GENERATE_INFOPLIST_FILE = YES;
				INFOPLIST_FILE = "Binet/Supporting Files/Info.plist";
				INFOPLIST_KEY_UIApplicationSupportsIndirectInputEvents = YES;
				INFOPLIST_KEY_UILaunchStoryboardName = LaunchScreen;
				INFOPLIST_KEY_UISupportedInterfaceOrientations_iPad = "UIInterfaceOrientationPortrait UIInterfaceOrientationPortraitUpsideDown UIInterfaceOrientationLandscapeLeft UIInterfaceOrientationLandscapeRight";
				INFOPLIST_KEY_UISupportedInterfaceOrientations_iPhone = "UIInterfaceOrientationPortrait UIInterfaceOrientationLandscapeLeft UIInterfaceOrientationLandscapeRight";
				LD_RUNPATH_SEARCH_PATHS = (
					"$(inherited)",
					"@executable_path/Frameworks",
				);
				MARKETING_VERSION = 1.0;
				PRODUCT_BUNDLE_IDENTIFIER = com.example.Binet;
				PRODUCT_NAME = "$(TARGET_NAME)";
				SWIFT_EMIT_LOC_STRINGS = YES;
				SWIFT_VERSION = 5.0;
				TARGETED_DEVICE_FAMILY = "1,2";
			};
			name = Debug;
		};
		F1838B862B502E1100CDB486 /* Release */ = {
			isa = XCBuildConfiguration;
			buildSettings = {
				ASSETCATALOG_COMPILER_APPICON_NAME = AppIcon;
				ASSETCATALOG_COMPILER_GLOBAL_ACCENT_COLOR_NAME = AccentColor;
				CODE_SIGN_STYLE = Automatic;
				CURRENT_PROJECT_VERSION = 1;
				DEVELOPMENT_TEAM = 66V736J4F3;
				GENERATE_INFOPLIST_FILE = YES;
				INFOPLIST_FILE = "Binet/Supporting Files/Info.plist";
				INFOPLIST_KEY_UIApplicationSupportsIndirectInputEvents = YES;
				INFOPLIST_KEY_UILaunchStoryboardName = LaunchScreen;
				INFOPLIST_KEY_UISupportedInterfaceOrientations_iPad = "UIInterfaceOrientationPortrait UIInterfaceOrientationPortraitUpsideDown UIInterfaceOrientationLandscapeLeft UIInterfaceOrientationLandscapeRight";
				INFOPLIST_KEY_UISupportedInterfaceOrientations_iPhone = "UIInterfaceOrientationPortrait UIInterfaceOrientationLandscapeLeft UIInterfaceOrientationLandscapeRight";
				LD_RUNPATH_SEARCH_PATHS = (
					"$(inherited)",
					"@executable_path/Frameworks",
				);
				MARKETING_VERSION = 1.0;
				PRODUCT_BUNDLE_IDENTIFIER = com.example.Binet;
				PRODUCT_NAME = "$(TARGET_NAME)";
				SWIFT_EMIT_LOC_STRINGS = YES;
				SWIFT_VERSION = 5.0;
				TARGETED_DEVICE_FAMILY = "1,2";
			};
			name = Release;
		};
/* End XCBuildConfiguration section */

/* Begin XCConfigurationList section */
		F1838B6B2B502E1000CDB486 /* Build configuration list for PBXProject "Binet" */ = {
			isa = XCConfigurationList;
			buildConfigurations = (
				F1838B822B502E1100CDB486 /* Debug */,
				F1838B832B502E1100CDB486 /* Release */,
			);
			defaultConfigurationIsVisible = 0;
			defaultConfigurationName = Release;
		};
		F1838B842B502E1100CDB486 /* Build configuration list for PBXNativeTarget "Binet" */ = {
			isa = XCConfigurationList;
			buildConfigurations = (
				F1838B852B502E1100CDB486 /* Debug */,
				F1838B862B502E1100CDB486 /* Release */,
			);
			defaultConfigurationIsVisible = 0;
			defaultConfigurationName = Release;
		};
/* End XCConfigurationList section */
	};
	rootObject = F1838B682B502E1000CDB486 /* Project object */;
}
